// !$*UTF8*$!
{
	archiveVersion = 1;
	classes = {
	};
	objectVersion = 55;
	objects = {

/* Begin PBXBuildFile section */
		378A64B42A245BF6001EFB0C /* AppDelegate.swift in Sources */ = {isa = PBXBuildFile; fileRef = 378A64B32A245BF6001EFB0C /* AppDelegate.swift */; };
		378A64B62A245BF6001EFB0C /* SceneDelegate.swift in Sources */ = {isa = PBXBuildFile; fileRef = 378A64B52A245BF6001EFB0C /* SceneDelegate.swift */; };
		378A64BB2A245BF6001EFB0C /* Main.storyboard in Resources */ = {isa = PBXBuildFile; fileRef = 378A64B92A245BF6001EFB0C /* Main.storyboard */; };
		378A64BD2A245BFB001EFB0C /* Assets.xcassets in Resources */ = {isa = PBXBuildFile; fileRef = 378A64BC2A245BFB001EFB0C /* Assets.xcassets */; };
		378A64E42A245C5B001EFB0C /* Main_ViewController.swift in Sources */ = {isa = PBXBuildFile; fileRef = 378A64E32A245C5B001EFB0C /* Main_ViewController.swift */; };
		378A64E82A252022001EFB0C /* Datasource.swift in Sources */ = {isa = PBXBuildFile; fileRef = 378A64E72A252022001EFB0C /* Datasource.swift */; };
		378A64EB2A252836001EFB0C /* SingleBannerCell.swift in Sources */ = {isa = PBXBuildFile; fileRef = 378A64EA2A252836001EFB0C /* SingleBannerCell.swift */; };
		378A64ED2A252861001EFB0C /* SplitBannerCell.swift in Sources */ = {isa = PBXBuildFile; fileRef = 378A64EC2A252861001EFB0C /* SplitBannerCell.swift */; };
		378A64EF2A25287D001EFB0C /* CollectionsCell.swift in Sources */ = {isa = PBXBuildFile; fileRef = 378A64EE2A25287D001EFB0C /* CollectionsCell.swift */; };
		378A64F12A265430001EFB0C /* CollectionCellinTable.swift in Sources */ = {isa = PBXBuildFile; fileRef = 378A64F02A265430001EFB0C /* CollectionCellinTable.swift */; };
		378A64F42A26864C001EFB0C /* Helper.swift in Sources */ = {isa = PBXBuildFile; fileRef = 378A64F32A26864C001EFB0C /* Helper.swift */; };
/* End PBXBuildFile section */

/* Begin PBXFileReference section */
		378A64B02A245BF6001EFB0C /* TableCollectionViewSample.app */ = {isa = PBXFileReference; explicitFileType = wrapper.application; includeInIndex = 0; path = TableCollectionViewSample.app; sourceTree = BUILT_PRODUCTS_DIR; };
		378A64B32A245BF6001EFB0C /* AppDelegate.swift */ = {isa = PBXFileReference; lastKnownFileType = sourcecode.swift; path = AppDelegate.swift; sourceTree = "<group>"; };
		378A64B52A245BF6001EFB0C /* SceneDelegate.swift */ = {isa = PBXFileReference; lastKnownFileType = sourcecode.swift; path = SceneDelegate.swift; sourceTree = "<group>"; };
		378A64BA2A245BF6001EFB0C /* Base */ = {isa = PBXFileReference; lastKnownFileType = file.storyboard; name = Base; path = Base.lproj/Main.storyboard; sourceTree = "<group>"; };
		378A64BC2A245BFB001EFB0C /* Assets.xcassets */ = {isa = PBXFileReference; lastKnownFileType = folder.assetcatalog; path = Assets.xcassets; sourceTree = "<group>"; };
		378A64C12A245BFB001EFB0C /* Info.plist */ = {isa = PBXFileReference; lastKnownFileType = text.plist.xml; path = Info.plist; sourceTree = "<group>"; };
		378A64E32A245C5B001EFB0C /* Main_ViewController.swift */ = {isa = PBXFileReference; lastKnownFileType = sourcecode.swift; path = Main_ViewController.swift; sourceTree = "<group>"; };
		378A64E72A252022001EFB0C /* Datasource.swift */ = {isa = PBXFileReference; lastKnownFileType = sourcecode.swift; path = Datasource.swift; sourceTree = "<group>"; };
		378A64EA2A252836001EFB0C /* SingleBannerCell.swift */ = {isa = PBXFileReference; lastKnownFileType = sourcecode.swift; name = SingleBannerCell.swift; path = Tableviewcells/SingleBannerCell.swift; sourceTree = "<group>"; };
		378A64EC2A252861001EFB0C /* SplitBannerCell.swift */ = {isa = PBXFileReference; lastKnownFileType = sourcecode.swift; name = SplitBannerCell.swift; path = Tableviewcells/SplitBannerCell.swift; sourceTree = "<group>"; };
		378A64EE2A25287D001EFB0C /* CollectionsCell.swift */ = {isa = PBXFileReference; lastKnownFileType = sourcecode.swift; name = CollectionsCell.swift; path = Tableviewcells/CollectionsCell.swift; sourceTree = "<group>"; };
		378A64F02A265430001EFB0C /* CollectionCellinTable.swift */ = {isa = PBXFileReference; lastKnownFileType = sourcecode.swift; name = CollectionCellinTable.swift; path = Tableviewcells/CollectionCellinTable.swift; sourceTree = "<group>"; };
		378A64F32A26864C001EFB0C /* Helper.swift */ = {isa = PBXFileReference; lastKnownFileType = sourcecode.swift; path = Helper.swift; sourceTree = "<group>"; };
/* End PBXFileReference section */

/* Begin PBXFrameworksBuildPhase section */
		378A64AD2A245BF6001EFB0C /* Frameworks */ = {
			isa = PBXFrameworksBuildPhase;
			buildActionMask = 2147483647;
			files = (
			);
			runOnlyForDeploymentPostprocessing = 0;
		};
/* End PBXFrameworksBuildPhase section */

/* Begin PBXGroup section */
		378A64A72A245BF6001EFB0C = {
			isa = PBXGroup;
			children = (
				378A64B22A245BF6001EFB0C /* TableCollectionViewSample */,
				378A64B12A245BF6001EFB0C /* Products */,
			);
			sourceTree = "<group>";
		};
		378A64B12A245BF6001EFB0C /* Products */ = {
			isa = PBXGroup;
			children = (
				378A64B02A245BF6001EFB0C /* TableCollectionViewSample.app */,
			);
			name = Products;
			sourceTree = "<group>";
		};
		378A64B22A245BF6001EFB0C /* TableCollectionViewSample */ = {
			isa = PBXGroup;
			children = (
				378A64F22A26841E001EFB0C /* Model */,
				378A64E92A2527DF001EFB0C /* Cells */,
				378A64B32A245BF6001EFB0C /* AppDelegate.swift */,
				378A64B52A245BF6001EFB0C /* SceneDelegate.swift */,
				378A64B92A245BF6001EFB0C /* Main.storyboard */,
				378A64BC2A245BFB001EFB0C /* Assets.xcassets */,
				378A64C12A245BFB001EFB0C /* Info.plist */,
				378A64E32A245C5B001EFB0C /* Main_ViewController.swift */,
			);
			path = TableCollectionViewSample;
			sourceTree = "<group>";
		};
		378A64E92A2527DF001EFB0C /* Cells */ = {
			isa = PBXGroup;
			children = (
				378A64EA2A252836001EFB0C /* SingleBannerCell.swift */,
				378A64EC2A252861001EFB0C /* SplitBannerCell.swift */,
				378A64EE2A25287D001EFB0C /* CollectionsCell.swift */,
				378A64F02A265430001EFB0C /* CollectionCellinTable.swift */,
			);
			name = Cells;
			sourceTree = "<group>";
		};
		378A64F22A26841E001EFB0C /* Model */ = {
			isa = PBXGroup;
			children = (
				378A64E72A252022001EFB0C /* Datasource.swift */,
				378A64F32A26864C001EFB0C /* Helper.swift */,
			);
			path = Model;
			sourceTree = "<group>";
		};
/* End PBXGroup section */

/* Begin PBXNativeTarget section */
		378A64AF2A245BF6001EFB0C /* TableCollectionViewSample */ = {
			isa = PBXNativeTarget;
			buildConfigurationList = 378A64DA2A245BFB001EFB0C /* Build configuration list for PBXNativeTarget "TableCollectionViewSample" */;
			buildPhases = (
				378A64AC2A245BF6001EFB0C /* Sources */,
				378A64AD2A245BF6001EFB0C /* Frameworks */,
				378A64AE2A245BF6001EFB0C /* Resources */,
			);
			buildRules = (
			);
			dependencies = (
			);
			name = TableCollectionViewSample;
			productName = TableCollectionViewSample;
			productReference = 378A64B02A245BF6001EFB0C /* TableCollectionViewSample.app */;
			productType = "com.apple.product-type.application";
		};
/* End PBXNativeTarget section */

/* Begin PBXProject section */
		378A64A82A245BF6001EFB0C /* Project object */ = {
			isa = PBXProject;
			attributes = {
				BuildIndependentTargetsInParallel = 1;
				LastSwiftUpdateCheck = 1330;
				LastUpgradeCheck = 1330;
				TargetAttributes = {
					378A64AF2A245BF6001EFB0C = {
						CreatedOnToolsVersion = 13.3.1;
					};
				};
			};
			buildConfigurationList = 378A64AB2A245BF6001EFB0C /* Build configuration list for PBXProject "TableCollectionViewSample" */;
			compatibilityVersion = "Xcode 13.0";
			developmentRegion = en;
			hasScannedForEncodings = 0;
			knownRegions = (
				en,
				Base,
			);
			mainGroup = 378A64A72A245BF6001EFB0C;
			productRefGroup = 378A64B12A245BF6001EFB0C /* Products */;
			projectDirPath = "";
			projectRoot = "";
			targets = (
				378A64AF2A245BF6001EFB0C /* TableCollectionViewSample */,
			);
		};
/* End PBXProject section */

/* Begin PBXResourcesBuildPhase section */
		378A64AE2A245BF6001EFB0C /* Resources */ = {
			isa = PBXResourcesBuildPhase;
			buildActionMask = 2147483647;
			files = (
				378A64BD2A245BFB001EFB0C /* Assets.xcassets in Resources */,
				378A64BB2A245BF6001EFB0C /* Main.storyboard in Resources */,
			);
			runOnlyForDeploymentPostprocessing = 0;
		};
/* End PBXResourcesBuildPhase section */

/* Begin PBXSourcesBuildPhase section */
		378A64AC2A245BF6001EFB0C /* Sources */ = {
			isa = PBXSourcesBuildPhase;
			buildActionMask = 2147483647;
			files = (
				378A64ED2A252861001EFB0C /* SplitBannerCell.swift in Sources */,
				378A64EB2A252836001EFB0C /* SingleBannerCell.swift in Sources */,
				378A64B42A245BF6001EFB0C /* AppDelegate.swift in Sources */,
				378A64F12A265430001EFB0C /* CollectionCellinTable.swift in Sources */,
				378A64EF2A25287D001EFB0C /* CollectionsCell.swift in Sources */,
				378A64F42A26864C001EFB0C /* Helper.swift in Sources */,
				378A64B62A245BF6001EFB0C /* SceneDelegate.swift in Sources */,
				378A64E82A252022001EFB0C /* Datasource.swift in Sources */,
				378A64E42A245C5B001EFB0C /* Main_ViewController.swift in Sources */,
			);
			runOnlyForDeploymentPostprocessing = 0;
		};
/* End PBXSourcesBuildPhase section */

/* Begin PBXVariantGroup section */
		378A64B92A245BF6001EFB0C /* Main.storyboard */ = {
			isa = PBXVariantGroup;
			children = (
				378A64BA2A245BF6001EFB0C /* Base */,
			);
			name = Main.storyboard;
			sourceTree = "<group>";
		};
/* End PBXVariantGroup section */

/* Begin XCBuildConfiguration section */
		378A64D82A245BFB001EFB0C /* Debug */ = {
			isa = XCBuildConfiguration;
			buildSettings = {
				ALWAYS_SEARCH_USER_PATHS = NO;
				CLANG_ANALYZER_NONNULL = YES;
				CLANG_ANALYZER_NUMBER_OBJECT_CONVERSION = YES_AGGRESSIVE;
				CLANG_CXX_LANGUAGE_STANDARD = "gnu++17";
				CLANG_ENABLE_MODULES = YES;
				CLANG_ENABLE_OBJC_ARC = YES;
				CLANG_ENABLE_OBJC_WEAK = YES;
				CLANG_WARN_BLOCK_CAPTURE_AUTORELEASING = YES;
				CLANG_WARN_BOOL_CONVERSION = YES;
				CLANG_WARN_COMMA = YES;
				CLANG_WARN_CONSTANT_CONVERSION = YES;
				CLANG_WARN_DEPRECATED_OBJC_IMPLEMENTATIONS = YES;
				CLANG_WARN_DIRECT_OBJC_ISA_USAGE = YES_ERROR;
				CLANG_WARN_DOCUMENTATION_COMMENTS = YES;
				CLANG_WARN_EMPTY_BODY = YES;
				CLANG_WARN_ENUM_CONVERSION = YES;
				CLANG_WARN_INFINITE_RECURSION = YES;
				CLANG_WARN_INT_CONVERSION = YES;
				CLANG_WARN_NON_LITERAL_NULL_CONVERSION = YES;
				CLANG_WARN_OBJC_IMPLICIT_RETAIN_SELF = YES;
				CLANG_WARN_OBJC_LITERAL_CONVERSION = YES;
				CLANG_WARN_OBJC_ROOT_CLASS = YES_ERROR;
				CLANG_WARN_QUOTED_INCLUDE_IN_FRAMEWORK_HEADER = YES;
				CLANG_WARN_RANGE_LOOP_ANALYSIS = YES;
				CLANG_WARN_STRICT_PROTOTYPES = YES;
				CLANG_WARN_SUSPICIOUS_MOVE = YES;
				CLANG_WARN_UNGUARDED_AVAILABILITY = YES_AGGRESSIVE;
				CLANG_WARN_UNREACHABLE_CODE = YES;
				CLANG_WARN__DUPLICATE_METHOD_MATCH = YES;
				COPY_PHASE_STRIP = NO;
				DEBUG_INFORMATION_FORMAT = dwarf;
				ENABLE_STRICT_OBJC_MSGSEND = YES;
				ENABLE_TESTABILITY = YES;
				GCC_C_LANGUAGE_STANDARD = gnu11;
				GCC_DYNAMIC_NO_PIC = NO;
				GCC_NO_COMMON_BLOCKS = YES;
				GCC_OPTIMIZATION_LEVEL = 0;
				GCC_PREPROCESSOR_DEFINITIONS = (
					"DEBUG=1",
					"$(inherited)",
				);
				GCC_WARN_64_TO_32_BIT_CONVERSION = YES;
				GCC_WARN_ABOUT_RETURN_TYPE = YES_ERROR;
				GCC_WARN_UNDECLARED_SELECTOR = YES;
				GCC_WARN_UNINITIALIZED_AUTOS = YES_AGGRESSIVE;
				GCC_WARN_UNUSED_FUNCTION = YES;
				GCC_WARN_UNUSED_VARIABLE = YES;
				IPHONEOS_DEPLOYMENT_TARGET = 15.4;
				MTL_ENABLE_DEBUG_INFO = INCLUDE_SOURCE;
				MTL_FAST_MATH = YES;
				ONLY_ACTIVE_ARCH = YES;
				SDKROOT = iphoneos;
				SWIFT_ACTIVE_COMPILATION_CONDITIONS = DEBUG;
				SWIFT_OPTIMIZATION_LEVEL = "-Onone";
			};
			name = Debug;
		};
		378A64D92A245BFB001EFB0C /* Release */ = {
			isa = XCBuildConfiguration;
			buildSettings = {
				ALWAYS_SEARCH_USER_PATHS = NO;
				CLANG_ANALYZER_NONNULL = YES;
				CLANG_ANALYZER_NUMBER_OBJECT_CONVERSION = YES_AGGRESSIVE;
				CLANG_CXX_LANGUAGE_STANDARD = "gnu++17";
				CLANG_ENABLE_MODULES = YES;
				CLANG_ENABLE_OBJC_ARC = YES;
				CLANG_ENABLE_OBJC_WEAK = YES;
				CLANG_WARN_BLOCK_CAPTURE_AUTORELEASING = YES;
				CLANG_WARN_BOOL_CONVERSION = YES;
				CLANG_WARN_COMMA = YES;
				CLANG_WARN_CONSTANT_CONVERSION = YES;
				CLANG_WARN_DEPRECATED_OBJC_IMPLEMENTATIONS = YES;
				CLANG_WARN_DIRECT_OBJC_ISA_USAGE = YES_ERROR;
				CLANG_WARN_DOCUMENTATION_COMMENTS = YES;
				CLANG_WARN_EMPTY_BODY = YES;
				CLANG_WARN_ENUM_CONVERSION = YES;
				CLANG_WARN_INFINITE_RECURSION = YES;
				CLANG_WARN_INT_CONVERSION = YES;
				CLANG_WARN_NON_LITERAL_NULL_CONVERSION = YES;
				CLANG_WARN_OBJC_IMPLICIT_RETAIN_SELF = YES;
				CLANG_WARN_OBJC_LITERAL_CONVERSION = YES;
				CLANG_WARN_OBJC_ROOT_CLASS = YES_ERROR;
				CLANG_WARN_QUOTED_INCLUDE_IN_FRAMEWORK_HEADER = YES;
				CLANG_WARN_RANGE_LOOP_ANALYSIS = YES;
				CLANG_WARN_STRICT_PROTOTYPES = YES;
				CLANG_WARN_SUSPICIOUS_MOVE = YES;
				CLANG_WARN_UNGUARDED_AVAILABILITY = YES_AGGRESSIVE;
				CLANG_WARN_UNREACHABLE_CODE = YES;
				CLANG_WARN__DUPLICATE_METHOD_MATCH = YES;
				COPY_PHASE_STRIP = NO;
				DEBUG_INFORMATION_FORMAT = "dwarf-with-dsym";
				ENABLE_NS_ASSERTIONS = NO;
				ENABLE_STRICT_OBJC_MSGSEND = YES;
				GCC_C_LANGUAGE_STANDARD = gnu11;
				GCC_NO_COMMON_BLOCKS = YES;
				GCC_WARN_64_TO_32_BIT_CONVERSION = YES;
				GCC_WARN_ABOUT_RETURN_TYPE = YES_ERROR;
				GCC_WARN_UNDECLARED_SELECTOR = YES;
				GCC_WARN_UNINITIALIZED_AUTOS = YES_AGGRESSIVE;
				GCC_WARN_UNUSED_FUNCTION = YES;
				GCC_WARN_UNUSED_VARIABLE = YES;
				IPHONEOS_DEPLOYMENT_TARGET = 15.4;
				MTL_ENABLE_DEBUG_INFO = NO;
				MTL_FAST_MATH = YES;
				SDKROOT = iphoneos;
				SWIFT_COMPILATION_MODE = wholemodule;
				SWIFT_OPTIMIZATION_LEVEL = "-O";
				VALIDATE_PRODUCT = YES;
			};
			name = Release;
		};
		378A64DB2A245BFB001EFB0C /* Debug */ = {
			isa = XCBuildConfiguration;
			buildSettings = {
				ASSETCATALOG_COMPILER_APPICON_NAME = AppIcon;
				ASSETCATALOG_COMPILER_GLOBAL_ACCENT_COLOR_NAME = AccentColor;
				CODE_SIGN_STYLE = Automatic;
				CURRENT_PROJECT_VERSION = 1;
				DEVELOPMENT_TEAM = 2A624895QU;
				GENERATE_INFOPLIST_FILE = YES;
				INFOPLIST_FILE = TableCollectionViewSample/Info.plist;
				INFOPLIST_KEY_UIApplicationSupportsIndirectInputEvents = YES;
				INFOPLIST_KEY_UILaunchStoryboardName = LaunchScreen;
				INFOPLIST_KEY_UIMainStoryboardFile = Main;
				INFOPLIST_KEY_UISupportedInterfaceOrientations_iPad = "UIInterfaceOrientationPortrait UIInterfaceOrientationPortraitUpsideDown UIInterfaceOrientationLandscapeLeft UIInterfaceOrientationLandscapeRight";
				INFOPLIST_KEY_UISupportedInterfaceOrientations_iPhone = "UIInterfaceOrientationPortrait UIInterfaceOrientationLandscapeLeft UIInterfaceOrientationLandscapeRight";
				LD_RUNPATH_SEARCH_PATHS = (
					"$(inherited)",
					"@executable_path/Frameworks",
				);
				MARKETING_VERSION = 1.0;
				PRODUCT_BUNDLE_IDENTIFIER = nick.com.TableCollectionViewSample;
				PRODUCT_NAME = "$(TARGET_NAME)";
				SWIFT_EMIT_LOC_STRINGS = YES;
				SWIFT_VERSION = 5.0;
				TARGETED_DEVICE_FAMILY = "1,2";
			};
			name = Debug;
		};
		378A64DC2A245BFB001EFB0C /* Release */ = {
			isa = XCBuildConfiguration;
			buildSettings = {
				ASSETCATALOG_COMPILER_APPICON_NAME = AppIcon;
				ASSETCATALOG_COMPILER_GLOBAL_ACCENT_COLOR_NAME = AccentColor;
				CODE_SIGN_STYLE = Automatic;
				CURRENT_PROJECT_VERSION = 1;
				DEVELOPMENT_TEAM = 2A624895QU;
				GENERATE_INFOPLIST_FILE = YES;
				INFOPLIST_FILE = TableCollectionViewSample/Info.plist;
				INFOPLIST_KEY_UIApplicationSupportsIndirectInputEvents = YES;
				INFOPLIST_KEY_UILaunchStoryboardName = LaunchScreen;
				INFOPLIST_KEY_UIMainStoryboardFile = Main;
				INFOPLIST_KEY_UISupportedInterfaceOrientations_iPad = "UIInterfaceOrientationPortrait UIInterfaceOrientationPortraitUpsideDown UIInterfaceOrientationLandscapeLeft UIInterfaceOrientationLandscapeRight";
				INFOPLIST_KEY_UISupportedInterfaceOrientations_iPhone = "UIInterfaceOrientationPortrait UIInterfaceOrientationLandscapeLeft UIInterfaceOrientationLandscapeRight";
				LD_RUNPATH_SEARCH_PATHS = (
					"$(inherited)",
					"@executable_path/Frameworks",
				);
				MARKETING_VERSION = 1.0;
				PRODUCT_BUNDLE_IDENTIFIER = nick.com.TableCollectionViewSample;
				PRODUCT_NAME = "$(TARGET_NAME)";
				SWIFT_EMIT_LOC_STRINGS = YES;
				SWIFT_VERSION = 5.0;
				TARGETED_DEVICE_FAMILY = "1,2";
			};
			name = Release;
		};
/* End XCBuildConfiguration section */

/* Begin XCConfigurationList section */
		378A64AB2A245BF6001EFB0C /* Build configuration list for PBXProject "TableCollectionViewSample" */ = {
			isa = XCConfigurationList;
			buildConfigurations = (
				378A64D82A245BFB001EFB0C /* Debug */,
				378A64D92A245BFB001EFB0C /* Release */,
			);
			defaultConfigurationIsVisible = 0;
			defaultConfigurationName = Release;
		};
		378A64DA2A245BFB001EFB0C /* Build configuration list for PBXNativeTarget "TableCollectionViewSample" */ = {
			isa = XCConfigurationList;
			buildConfigurations = (
				378A64DB2A245BFB001EFB0C /* Debug */,
				378A64DC2A245BFB001EFB0C /* Release */,
			);
			defaultConfigurationIsVisible = 0;
			defaultConfigurationName = Release;
		};
/* End XCConfigurationList section */
	};
	rootObject = 378A64A82A245BF6001EFB0C /* Project object */;
}
