// !$*UTF8*$!
{
	archiveVersion = 1;
	classes = {
	};
	objectVersion = 55;
	objects = {

/* Begin PBXBuildFile section */
		378A64B42A245BF6001EFB0C /* AppDelegate.swift in Sources */ = {isa = PBXBuildFile; fileRef = 378A64B32A245BF6001EFB0C /* AppDelegate.swift */; };
		378A64B62A245BF6001EFB0C /* SceneDelegate.swift in Sources */ = {isa = PBXBuildFile; fileRef = 378A64B52A245BF6001EFB0C /* SceneDelegate.swift */; };
		378A64B82A245BF6001EFB0C /* ViewController.swift in Sources */ = {isa = PBXBuildFile; fileRef = 378A64B72A245BF6001EFB0C /* ViewController.swift */; };
		378A64BB2A245BF6001EFB0C /* Main.storyboard in Resources */ = {isa = PBXBuildFile; fileRef = 378A64B92A245BF6001EFB0C /* Main.storyboard */; };
		378A64BD2A245BFB001EFB0C /* Assets.xcassets in Resources */ = {isa = PBXBuildFile; fileRef = 378A64BC2A245BFB001EFB0C /* Assets.xcassets */; };
		378A64C02A245BFB001EFB0C /* LaunchScreen.storyboard in Resources */ = {isa = PBXBuildFile; fileRef = 378A64BE2A245BFB001EFB0C /* LaunchScreen.storyboard */; };
		378A64CB2A245BFB001EFB0C /* TableCollectionViewSampleTests.swift in Sources */ = {isa = PBXBuildFile; fileRef = 378A64CA2A245BFB001EFB0C /* TableCollectionViewSampleTests.swift */; };
		378A64D52A245BFB001EFB0C /* TableCollectionViewSampleUITests.swift in Sources */ = {isa = PBXBuildFile; fileRef = 378A64D42A245BFB001EFB0C /* TableCollectionViewSampleUITests.swift */; };
		378A64D72A245BFB001EFB0C /* TableCollectionViewSampleUITestsLaunchTests.swift in Sources */ = {isa = PBXBuildFile; fileRef = 378A64D62A245BFB001EFB0C /* TableCollectionViewSampleUITestsLaunchTests.swift */; };
/* End PBXBuildFile section */

/* Begin PBXContainerItemProxy section */
		378A64C72A245BFB001EFB0C /* PBXContainerItemProxy */ = {
			isa = PBXContainerItemProxy;
			containerPortal = 378A64A82A245BF6001EFB0C /* Project object */;
			proxyType = 1;
			remoteGlobalIDString = 378A64AF2A245BF6001EFB0C;
			remoteInfo = TableCollectionViewSample;
		};
		378A64D12A245BFB001EFB0C /* PBXContainerItemProxy */ = {
			isa = PBXContainerItemProxy;
			containerPortal = 378A64A82A245BF6001EFB0C /* Project object */;
			proxyType = 1;
			remoteGlobalIDString = 378A64AF2A245BF6001EFB0C;
			remoteInfo = TableCollectionViewSample;
		};
/* End PBXContainerItemProxy section */

/* Begin PBXFileReference section */
		378A64B02A245BF6001EFB0C /* TableCollectionViewSample.app */ = {isa = PBXFileReference; explicitFileType = wrapper.application; includeInIndex = 0; path = TableCollectionViewSample.app; sourceTree = BUILT_PRODUCTS_DIR; };
		378A64B32A245BF6001EFB0C /* AppDelegate.swift */ = {isa = PBXFileReference; lastKnownFileType = sourcecode.swift; path = AppDelegate.swift; sourceTree = "<group>"; };
		378A64B52A245BF6001EFB0C /* SceneDelegate.swift */ = {isa = PBXFileReference; lastKnownFileType = sourcecode.swift; path = SceneDelegate.swift; sourceTree = "<group>"; };
		378A64B72A245BF6001EFB0C /* ViewController.swift */ = {isa = PBXFileReference; lastKnownFileType = sourcecode.swift; path = ViewController.swift; sourceTree = "<group>"; };
		378A64BA2A245BF6001EFB0C /* Base */ = {isa = PBXFileReference; lastKnownFileType = file.storyboard; name = Base; path = Base.lproj/Main.storyboard; sourceTree = "<group>"; };
		378A64BC2A245BFB001EFB0C /* Assets.xcassets */ = {isa = PBXFileReference; lastKnownFileType = folder.assetcatalog; path = Assets.xcassets; sourceTree = "<group>"; };
		378A64BF2A245BFB001EFB0C /* Base */ = {isa = PBXFileReference; lastKnownFileType = file.storyboard; name = Base; path = Base.lproj/LaunchScreen.storyboard; sourceTree = "<group>"; };
		378A64C12A245BFB001EFB0C /* Info.plist */ = {isa = PBXFileReference; lastKnownFileType = text.plist.xml; path = Info.plist; sourceTree = "<group>"; };
		378A64C62A245BFB001EFB0C /* TableCollectionViewSampleTests.xctest */ = {isa = PBXFileReference; explicitFileType = wrapper.cfbundle; includeInIndex = 0; path = TableCollectionViewSampleTests.xctest; sourceTree = BUILT_PRODUCTS_DIR; };
		378A64CA2A245BFB001EFB0C /* TableCollectionViewSampleTests.swift */ = {isa = PBXFileReference; lastKnownFileType = sourcecode.swift; path = TableCollectionViewSampleTests.swift; sourceTree = "<group>"; };
		378A64D02A245BFB001EFB0C /* TableCollectionViewSampleUITests.xctest */ = {isa = PBXFileReference; explicitFileType = wrapper.cfbundle; includeInIndex = 0; path = TableCollectionViewSampleUITests.xctest; sourceTree = BUILT_PRODUCTS_DIR; };
		378A64D42A245BFB001EFB0C /* TableCollectionViewSampleUITests.swift */ = {isa = PBXFileReference; lastKnownFileType = sourcecode.swift; path = TableCollectionViewSampleUITests.swift; sourceTree = "<group>"; };
		378A64D62A245BFB001EFB0C /* TableCollectionViewSampleUITestsLaunchTests.swift */ = {isa = PBXFileReference; lastKnownFileType = sourcecode.swift; path = TableCollectionViewSampleUITestsLaunchTests.swift; sourceTree = "<group>"; };
/* End PBXFileReference section */

/* Begin PBXFrameworksBuildPhase section */
		378A64AD2A245BF6001EFB0C /* Frameworks */ = {
			isa = PBXFrameworksBuildPhase;
			buildActionMask = 2147483647;
			files = (
			);
			runOnlyForDeploymentPostprocessing = 0;
		};
		378A64C32A245BFB001EFB0C /* Frameworks */ = {
			isa = PBXFrameworksBuildPhase;
			buildActionMask = 2147483647;
			files = (
			);
			runOnlyForDeploymentPostprocessing = 0;
		};
		378A64CD2A245BFB001EFB0C /* Frameworks */ = {
			isa = PBXFrameworksBuildPhase;
			buildActionMask = 2147483647;
			files = (
			);
			runOnlyForDeploymentPostprocessing = 0;
		};
/* End PBXFrameworksBuildPhase section */

/* Begin PBXGroup section */
		378A64A72A245BF6001EFB0C = {
			isa = PBXGroup;
			children = (
				378A64B22A245BF6001EFB0C /* TableCollectionViewSample */,
				378A64C92A245BFB001EFB0C /* TableCollectionViewSampleTests */,
				378A64D32A245BFB001EFB0C /* TableCollectionViewSampleUITests */,
				378A64B12A245BF6001EFB0C /* Products */,
			);
			sourceTree = "<group>";
		};
		378A64B12A245BF6001EFB0C /* Products */ = {
			isa = PBXGroup;
			children = (
				378A64B02A245BF6001EFB0C /* TableCollectionViewSample.app */,
				378A64C62A245BFB001EFB0C /* TableCollectionViewSampleTests.xctest */,
				378A64D02A245BFB001EFB0C /* TableCollectionViewSampleUITests.xctest */,
			);
			name = Products;
			sourceTree = "<group>";
		};
		378A64B22A245BF6001EFB0C /* TableCollectionViewSample */ = {
			isa = PBXGroup;
			children = (
				378A64B32A245BF6001EFB0C /* AppDelegate.swift */,
				378A64B52A245BF6001EFB0C /* SceneDelegate.swift */,
				378A64B72A245BF6001EFB0C /* ViewController.swift */,
				378A64B92A245BF6001EFB0C /* Main.storyboard */,
				378A64BC2A245BFB001EFB0C /* Assets.xcassets */,
				378A64BE2A245BFB001EFB0C /* LaunchScreen.storyboard */,
				378A64C12A245BFB001EFB0C /* Info.plist */,
			);
			path = TableCollectionViewSample;
			sourceTree = "<group>";
		};
		378A64C92A245BFB001EFB0C /* TableCollectionViewSampleTests */ = {
			isa = PBXGroup;
			children = (
				378A64CA2A245BFB001EFB0C /* TableCollectionViewSampleTests.swift */,
			);
			path = TableCollectionViewSampleTests;
			sourceTree = "<group>";
		};
		378A64D32A245BFB001EFB0C /* TableCollectionViewSampleUITests */ = {
			isa = PBXGroup;
			children = (
				378A64D42A245BFB001EFB0C /* TableCollectionViewSampleUITests.swift */,
				378A64D62A245BFB001EFB0C /* TableCollectionViewSampleUITestsLaunchTests.swift */,
			);
			path = TableCollectionViewSampleUITests;
			sourceTree = "<group>";
		};
/* End PBXGroup section */

/* Begin PBXNativeTarget section */
		378A64AF2A245BF6001EFB0C /* TableCollectionViewSample */ = {
			isa = PBXNativeTarget;
			buildConfigurationList = 378A64DA2A245BFB001EFB0C /* Build configuration list for PBXNativeTarget "TableCollectionViewSample" */;
			buildPhases = (
				378A64AC2A245BF6001EFB0C /* Sources */,
				378A64AD2A245BF6001EFB0C /* Frameworks */,
				378A64AE2A245BF6001EFB0C /* Resources */,
			);
			buildRules = (
			);
			dependencies = (
			);
			name = TableCollectionViewSample;
			productName = TableCollectionViewSample;
			productReference = 378A64B02A245BF6001EFB0C /* TableCollectionViewSample.app */;
			productType = "com.apple.product-type.application";
		};
		378A64C52A245BFB001EFB0C /* TableCollectionViewSampleTests */ = {
			isa = PBXNativeTarget;
			buildConfigurationList = 378A64DD2A245BFB001EFB0C /* Build configuration list for PBXNativeTarget "TableCollectionViewSampleTests" */;
			buildPhases = (
				378A64C22A245BFB001EFB0C /* Sources */,
				378A64C32A245BFB001EFB0C /* Frameworks */,
				378A64C42A245BFB001EFB0C /* Resources */,
			);
			buildRules = (
			);
			dependencies = (
				378A64C82A245BFB001EFB0C /* PBXTargetDependency */,
			);
			name = TableCollectionViewSampleTests;
			productName = TableCollectionViewSampleTests;
			productReference = 378A64C62A245BFB001EFB0C /* TableCollectionViewSampleTests.xctest */;
			productType = "com.apple.product-type.bundle.unit-test";
		};
		378A64CF2A245BFB001EFB0C /* TableCollectionViewSampleUITests */ = {
			isa = PBXNativeTarget;
			buildConfigurationList = 378A64E02A245BFB001EFB0C /* Build configuration list for PBXNativeTarget "TableCollectionViewSampleUITests" */;
			buildPhases = (
				378A64CC2A245BFB001EFB0C /* Sources */,
				378A64CD2A245BFB001EFB0C /* Frameworks */,
				378A64CE2A245BFB001EFB0C /* Resources */,
			);
			buildRules = (
			);
			dependencies = (
				378A64D22A245BFB001EFB0C /* PBXTargetDependency */,
			);
			name = TableCollectionViewSampleUITests;
			productName = TableCollectionViewSampleUITests;
			productReference = 378A64D02A245BFB001EFB0C /* TableCollectionViewSampleUITests.xctest */;
			productType = "com.apple.product-type.bundle.ui-testing";
		};
/* End PBXNativeTarget section */

/* Begin PBXProject section */
		378A64A82A245BF6001EFB0C /* Project object */ = {
			isa = PBXProject;
			attributes = {
				BuildIndependentTargetsInParallel = 1;
				LastSwiftUpdateCheck = 1330;
				LastUpgradeCheck = 1330;
				TargetAttributes = {
					378A64AF2A245BF6001EFB0C = {
						CreatedOnToolsVersion = 13.3.1;
					};
					378A64C52A245BFB001EFB0C = {
						CreatedOnToolsVersion = 13.3.1;
						TestTargetID = 378A64AF2A245BF6001EFB0C;
					};
					378A64CF2A245BFB001EFB0C = {
						CreatedOnToolsVersion = 13.3.1;
						TestTargetID = 378A64AF2A245BF6001EFB0C;
					};
				};
			};
			buildConfigurationList = 378A64AB2A245BF6001EFB0C /* Build configuration list for PBXProject "TableCollectionViewSample" */;
			compatibilityVersion = "Xcode 13.0";
			developmentRegion = en;
			hasScannedForEncodings = 0;
			knownRegions = (
				en,
				Base,
			);
			mainGroup = 378A64A72A245BF6001EFB0C;
			productRefGroup = 378A64B12A245BF6001EFB0C /* Products */;
			projectDirPath = "";
			projectRoot = "";
			targets = (
				378A64AF2A245BF6001EFB0C /* TableCollectionViewSample */,
				378A64C52A245BFB001EFB0C /* TableCollectionViewSampleTests */,
				378A64CF2A245BFB001EFB0C /* TableCollectionViewSampleUITests */,
			);
		};
/* End PBXProject section */

/* Begin PBXResourcesBuildPhase section */
		378A64AE2A245BF6001EFB0C /* Resources */ = {
			isa = PBXResourcesBuildPhase;
			buildActionMask = 2147483647;
			files = (
				378A64C02A245BFB001EFB0C /* LaunchScreen.storyboard in Resources */,
				378A64BD2A245BFB001EFB0C /* Assets.xcassets in Resources */,
				378A64BB2A245BF6001EFB0C /* Main.storyboard in Resources */,
			);
			runOnlyForDeploymentPostprocessing = 0;
		};
		378A64C42A245BFB001EFB0C /* Resources */ = {
			isa = PBXResourcesBuildPhase;
			buildActionMask = 2147483647;
			files = (
			);
			runOnlyForDeploymentPostprocessing = 0;
		};
		378A64CE2A245BFB001EFB0C /* Resources */ = {
			isa = PBXResourcesBuildPhase;
			buildActionMask = 2147483647;
			files = (
			);
			runOnlyForDeploymentPostprocessing = 0;
		};
/* End PBXResourcesBuildPhase section */

/* Begin PBXSourcesBuildPhase section */
		378A64AC2A245BF6001EFB0C /* Sources */ = {
			isa = PBXSourcesBuildPhase;
			buildActionMask = 2147483647;
			files = (
				378A64B82A245BF6001EFB0C /* ViewController.swift in Sources */,
				378A64B42A245BF6001EFB0C /* AppDelegate.swift in Sources */,
				378A64B62A245BF6001EFB0C /* SceneDelegate.swift in Sources */,
			);
			runOnlyForDeploymentPostprocessing = 0;
		};
		378A64C22A245BFB001EFB0C /* Sources */ = {
			isa = PBXSourcesBuildPhase;
			buildActionMask = 2147483647;
			files = (
				378A64CB2A245BFB001EFB0C /* TableCollectionViewSampleTests.swift in Sources */,
			);
			runOnlyForDeploymentPostprocessing = 0;
		};
		378A64CC2A245BFB001EFB0C /* Sources */ = {
			isa = PBXSourcesBuildPhase;
			buildActionMask = 2147483647;
			files = (
				378A64D72A245BFB001EFB0C /* TableCollectionViewSampleUITestsLaunchTests.swift in Sources */,
				378A64D52A245BFB001EFB0C /* TableCollectionViewSampleUITests.swift in Sources */,
			);
			runOnlyForDeploymentPostprocessing = 0;
		};
/* End PBXSourcesBuildPhase section */

/* Begin PBXTargetDependency section */
		378A64C82A245BFB001EFB0C /* PBXTargetDependency */ = {
			isa = PBXTargetDependency;
			target = 378A64AF2A245BF6001EFB0C /* TableCollectionViewSample */;
			targetProxy = 378A64C72A245BFB001EFB0C /* PBXContainerItemProxy */;
		};
		378A64D22A245BFB001EFB0C /* PBXTargetDependency */ = {
			isa = PBXTargetDependency;
			target = 378A64AF2A245BF6001EFB0C /* TableCollectionViewSample */;
			targetProxy = 378A64D12A245BFB001EFB0C /* PBXContainerItemProxy */;
		};
/* End PBXTargetDependency section */

/* Begin PBXVariantGroup section */
		378A64B92A245BF6001EFB0C /* Main.storyboard */ = {
			isa = PBXVariantGroup;
			children = (
				378A64BA2A245BF6001EFB0C /* Base */,
			);
			name = Main.storyboard;
			sourceTree = "<group>";
		};
		378A64BE2A245BFB001EFB0C /* LaunchScreen.storyboard */ = {
			isa = PBXVariantGroup;
			children = (
				378A64BF2A245BFB001EFB0C /* Base */,
			);
			name = LaunchScreen.storyboard;
			sourceTree = "<group>";
		};
/* End PBXVariantGroup section */

/* Begin XCBuildConfiguration section */
		378A64D82A245BFB001EFB0C /* Debug */ = {
			isa = XCBuildConfiguration;
			buildSettings = {
				ALWAYS_SEARCH_USER_PATHS = NO;
				CLANG_ANALYZER_NONNULL = YES;
				CLANG_ANALYZER_NUMBER_OBJECT_CONVERSION = YES_AGGRESSIVE;
				CLANG_CXX_LANGUAGE_STANDARD = "gnu++17";
				CLANG_ENABLE_MODULES = YES;
				CLANG_ENABLE_OBJC_ARC = YES;
				CLANG_ENABLE_OBJC_WEAK = YES;
				CLANG_WARN_BLOCK_CAPTURE_AUTORELEASING = YES;
				CLANG_WARN_BOOL_CONVERSION = YES;
				CLANG_WARN_COMMA = YES;
				CLANG_WARN_CONSTANT_CONVERSION = YES;
				CLANG_WARN_DEPRECATED_OBJC_IMPLEMENTATIONS = YES;
				CLANG_WARN_DIRECT_OBJC_ISA_USAGE = YES_ERROR;
				CLANG_WARN_DOCUMENTATION_COMMENTS = YES;
				CLANG_WARN_EMPTY_BODY = YES;
				CLANG_WARN_ENUM_CONVERSION = YES;
				CLANG_WARN_INFINITE_RECURSION = YES;
				CLANG_WARN_INT_CONVERSION = YES;
				CLANG_WARN_NON_LITERAL_NULL_CONVERSION = YES;
				CLANG_WARN_OBJC_IMPLICIT_RETAIN_SELF = YES;
				CLANG_WARN_OBJC_LITERAL_CONVERSION = YES;
				CLANG_WARN_OBJC_ROOT_CLASS = YES_ERROR;
				CLANG_WARN_QUOTED_INCLUDE_IN_FRAMEWORK_HEADER = YES;
				CLANG_WARN_RANGE_LOOP_ANALYSIS = YES;
				CLANG_WARN_STRICT_PROTOTYPES = YES;
				CLANG_WARN_SUSPICIOUS_MOVE = YES;
				CLANG_WARN_UNGUARDED_AVAILABILITY = YES_AGGRESSIVE;
				CLANG_WARN_UNREACHABLE_CODE = YES;
				CLANG_WARN__DUPLICATE_METHOD_MATCH = YES;
				COPY_PHASE_STRIP = NO;
				DEBUG_INFORMATION_FORMAT = dwarf;
				ENABLE_STRICT_OBJC_MSGSEND = YES;
				ENABLE_TESTABILITY = YES;
				GCC_C_LANGUAGE_STANDARD = gnu11;
				GCC_DYNAMIC_NO_PIC = NO;
				GCC_NO_COMMON_BLOCKS = YES;
				GCC_OPTIMIZATION_LEVEL = 0;
				GCC_PREPROCESSOR_DEFINITIONS = (
					"DEBUG=1",
					"$(inherited)",
				);
				GCC_WARN_64_TO_32_BIT_CONVERSION = YES;
				GCC_WARN_ABOUT_RETURN_TYPE = YES_ERROR;
				GCC_WARN_UNDECLARED_SELECTOR = YES;
				GCC_WARN_UNINITIALIZED_AUTOS = YES_AGGRESSIVE;
				GCC_WARN_UNUSED_FUNCTION = YES;
				GCC_WARN_UNUSED_VARIABLE = YES;
				IPHONEOS_DEPLOYMENT_TARGET = 15.4;
				MTL_ENABLE_DEBUG_INFO = INCLUDE_SOURCE;
				MTL_FAST_MATH = YES;
				ONLY_ACTIVE_ARCH = YES;
				SDKROOT = iphoneos;
				SWIFT_ACTIVE_COMPILATION_CONDITIONS = DEBUG;
				SWIFT_OPTIMIZATION_LEVEL = "-Onone";
			};
			name = Debug;
		};
		378A64D92A245BFB001EFB0C /* Release */ = {
			isa = XCBuildConfiguration;
			buildSettings = {
				ALWAYS_SEARCH_USER_PATHS = NO;
				CLANG_ANALYZER_NONNULL = YES;
				CLANG_ANALYZER_NUMBER_OBJECT_CONVERSION = YES_AGGRESSIVE;
				CLANG_CXX_LANGUAGE_STANDARD = "gnu++17";
				CLANG_ENABLE_MODULES = YES;
				CLANG_ENABLE_OBJC_ARC = YES;
				CLANG_ENABLE_OBJC_WEAK = YES;
				CLANG_WARN_BLOCK_CAPTURE_AUTORELEASING = YES;
				CLANG_WARN_BOOL_CONVERSION = YES;
				CLANG_WARN_COMMA = YES;
				CLANG_WARN_CONSTANT_CONVERSION = YES;
				CLANG_WARN_DEPRECATED_OBJC_IMPLEMENTATIONS = YES;
				CLANG_WARN_DIRECT_OBJC_ISA_USAGE = YES_ERROR;
				CLANG_WARN_DOCUMENTATION_COMMENTS = YES;
				CLANG_WARN_EMPTY_BODY = YES;
				CLANG_WARN_ENUM_CONVERSION = YES;
				CLANG_WARN_INFINITE_RECURSION = YES;
				CLANG_WARN_INT_CONVERSION = YES;
				CLANG_WARN_NON_LITERAL_NULL_CONVERSION = YES;
				CLANG_WARN_OBJC_IMPLICIT_RETAIN_SELF = YES;
				CLANG_WARN_OBJC_LITERAL_CONVERSION = YES;
				CLANG_WARN_OBJC_ROOT_CLASS = YES_ERROR;
				CLANG_WARN_QUOTED_INCLUDE_IN_FRAMEWORK_HEADER = YES;
				CLANG_WARN_RANGE_LOOP_ANALYSIS = YES;
				CLANG_WARN_STRICT_PROTOTYPES = YES;
				CLANG_WARN_SUSPICIOUS_MOVE = YES;
				CLANG_WARN_UNGUARDED_AVAILABILITY = YES_AGGRESSIVE;
				CLANG_WARN_UNREACHABLE_CODE = YES;
				CLANG_WARN__DUPLICATE_METHOD_MATCH = YES;
				COPY_PHASE_STRIP = NO;
				DEBUG_INFORMATION_FORMAT = "dwarf-with-dsym";
				ENABLE_NS_ASSERTIONS = NO;
				ENABLE_STRICT_OBJC_MSGSEND = YES;
				GCC_C_LANGUAGE_STANDARD = gnu11;
				GCC_NO_COMMON_BLOCKS = YES;
				GCC_WARN_64_TO_32_BIT_CONVERSION = YES;
				GCC_WARN_ABOUT_RETURN_TYPE = YES_ERROR;
				GCC_WARN_UNDECLARED_SELECTOR = YES;
				GCC_WARN_UNINITIALIZED_AUTOS = YES_AGGRESSIVE;
				GCC_WARN_UNUSED_FUNCTION = YES;
				GCC_WARN_UNUSED_VARIABLE = YES;
				IPHONEOS_DEPLOYMENT_TARGET = 15.4;
				MTL_ENABLE_DEBUG_INFO = NO;
				MTL_FAST_MATH = YES;
				SDKROOT = iphoneos;
				SWIFT_COMPILATION_MODE = wholemodule;
				SWIFT_OPTIMIZATION_LEVEL = "-O";
				VALIDATE_PRODUCT = YES;
			};
			name = Release;
		};
		378A64DB2A245BFB001EFB0C /* Debug */ = {
			isa = XCBuildConfiguration;
			buildSettings = {
				ASSETCATALOG_COMPILER_APPICON_NAME = AppIcon;
				ASSETCATALOG_COMPILER_GLOBAL_ACCENT_COLOR_NAME = AccentColor;
				CODE_SIGN_STYLE = Automatic;
				CURRENT_PROJECT_VERSION = 1;
				DEVELOPMENT_TEAM = 2A624895QU;
				GENERATE_INFOPLIST_FILE = YES;
				INFOPLIST_FILE = TableCollectionViewSample/Info.plist;
				INFOPLIST_KEY_UIApplicationSupportsIndirectInputEvents = YES;
				INFOPLIST_KEY_UILaunchStoryboardName = LaunchScreen;
				INFOPLIST_KEY_UIMainStoryboardFile = Main;
				INFOPLIST_KEY_UISupportedInterfaceOrientations_iPad = "UIInterfaceOrientationPortrait UIInterfaceOrientationPortraitUpsideDown UIInterfaceOrientationLandscapeLeft UIInterfaceOrientationLandscapeRight";
				INFOPLIST_KEY_UISupportedInterfaceOrientations_iPhone = "UIInterfaceOrientationPortrait UIInterfaceOrientationLandscapeLeft UIInterfaceOrientationLandscapeRight";
				LD_RUNPATH_SEARCH_PATHS = (
					"$(inherited)",
					"@executable_path/Frameworks",
				);
				MARKETING_VERSION = 1.0;
				PRODUCT_BUNDLE_IDENTIFIER = nick.com.TableCollectionViewSample;
				PRODUCT_NAME = "$(TARGET_NAME)";
				SWIFT_EMIT_LOC_STRINGS = YES;
				SWIFT_VERSION = 5.0;
				TARGETED_DEVICE_FAMILY = "1,2";
			};
			name = Debug;
		};
		378A64DC2A245BFB001EFB0C /* Release */ = {
			isa = XCBuildConfiguration;
			buildSettings = {
				ASSETCATALOG_COMPILER_APPICON_NAME = AppIcon;
				ASSETCATALOG_COMPILER_GLOBAL_ACCENT_COLOR_NAME = AccentColor;
				CODE_SIGN_STYLE = Automatic;
				CURRENT_PROJECT_VERSION = 1;
				DEVELOPMENT_TEAM = 2A624895QU;
				GENERATE_INFOPLIST_FILE = YES;
				INFOPLIST_FILE = TableCollectionViewSample/Info.plist;
				INFOPLIST_KEY_UIApplicationSupportsIndirectInputEvents = YES;
				INFOPLIST_KEY_UILaunchStoryboardName = LaunchScreen;
				INFOPLIST_KEY_UIMainStoryboardFile = Main;
				INFOPLIST_KEY_UISupportedInterfaceOrientations_iPad = "UIInterfaceOrientationPortrait UIInterfaceOrientationPortraitUpsideDown UIInterfaceOrientationLandscapeLeft UIInterfaceOrientationLandscapeRight";
				INFOPLIST_KEY_UISupportedInterfaceOrientations_iPhone = "UIInterfaceOrientationPortrait UIInterfaceOrientationLandscapeLeft UIInterfaceOrientationLandscapeRight";
				LD_RUNPATH_SEARCH_PATHS = (
					"$(inherited)",
					"@executable_path/Frameworks",
				);
				MARKETING_VERSION = 1.0;
				PRODUCT_BUNDLE_IDENTIFIER = nick.com.TableCollectionViewSample;
				PRODUCT_NAME = "$(TARGET_NAME)";
				SWIFT_EMIT_LOC_STRINGS = YES;
				SWIFT_VERSION = 5.0;
				TARGETED_DEVICE_FAMILY = "1,2";
			};
			name = Release;
		};
		378A64DE2A245BFB001EFB0C /* Debug */ = {
			isa = XCBuildConfiguration;
			buildSettings = {
				ALWAYS_EMBED_SWIFT_STANDARD_LIBRARIES = YES;
				BUNDLE_LOADER = "$(TEST_HOST)";
				CODE_SIGN_STYLE = Automatic;
				CURRENT_PROJECT_VERSION = 1;
				DEVELOPMENT_TEAM = 2A624895QU;
				GENERATE_INFOPLIST_FILE = YES;
				IPHONEOS_DEPLOYMENT_TARGET = 15.4;
				MARKETING_VERSION = 1.0;
				PRODUCT_BUNDLE_IDENTIFIER = nick.com.TableCollectionViewSampleTests;
				PRODUCT_NAME = "$(TARGET_NAME)";
				SWIFT_EMIT_LOC_STRINGS = NO;
				SWIFT_VERSION = 5.0;
				TARGETED_DEVICE_FAMILY = "1,2";
				TEST_HOST = "$(BUILT_PRODUCTS_DIR)/TableCollectionViewSample.app/TableCollectionViewSample";
			};
			name = Debug;
		};
		378A64DF2A245BFB001EFB0C /* Release */ = {
			isa = XCBuildConfiguration;
			buildSettings = {
				ALWAYS_EMBED_SWIFT_STANDARD_LIBRARIES = YES;
				BUNDLE_LOADER = "$(TEST_HOST)";
				CODE_SIGN_STYLE = Automatic;
				CURRENT_PROJECT_VERSION = 1;
				DEVELOPMENT_TEAM = 2A624895QU;
				GENERATE_INFOPLIST_FILE = YES;
				IPHONEOS_DEPLOYMENT_TARGET = 15.4;
				MARKETING_VERSION = 1.0;
				PRODUCT_BUNDLE_IDENTIFIER = nick.com.TableCollectionViewSampleTests;
				PRODUCT_NAME = "$(TARGET_NAME)";
				SWIFT_EMIT_LOC_STRINGS = NO;
				SWIFT_VERSION = 5.0;
				TARGETED_DEVICE_FAMILY = "1,2";
				TEST_HOST = "$(BUILT_PRODUCTS_DIR)/TableCollectionViewSample.app/TableCollectionViewSample";
			};
			name = Release;
		};
		378A64E12A245BFB001EFB0C /* Debug */ = {
			isa = XCBuildConfiguration;
			buildSettings = {
				ALWAYS_EMBED_SWIFT_STANDARD_LIBRARIES = YES;
				CODE_SIGN_STYLE = Automatic;
				CURRENT_PROJECT_VERSION = 1;
				DEVELOPMENT_TEAM = 2A624895QU;
				GENERATE_INFOPLIST_FILE = YES;
				MARKETING_VERSION = 1.0;
				PRODUCT_BUNDLE_IDENTIFIER = nick.com.TableCollectionViewSampleUITests;
				PRODUCT_NAME = "$(TARGET_NAME)";
				SWIFT_EMIT_LOC_STRINGS = NO;
				SWIFT_VERSION = 5.0;
				TARGETED_DEVICE_FAMILY = "1,2";
				TEST_TARGET_NAME = TableCollectionViewSample;
			};
			name = Debug;
		};
		378A64E22A245BFB001EFB0C /* Release */ = {
			isa = XCBuildConfiguration;
			buildSettings = {
				ALWAYS_EMBED_SWIFT_STANDARD_LIBRARIES = YES;
				CODE_SIGN_STYLE = Automatic;
				CURRENT_PROJECT_VERSION = 1;
				DEVELOPMENT_TEAM = 2A624895QU;
				GENERATE_INFOPLIST_FILE = YES;
				MARKETING_VERSION = 1.0;
				PRODUCT_BUNDLE_IDENTIFIER = nick.com.TableCollectionViewSampleUITests;
				PRODUCT_NAME = "$(TARGET_NAME)";
				SWIFT_EMIT_LOC_STRINGS = NO;
				SWIFT_VERSION = 5.0;
				TARGETED_DEVICE_FAMILY = "1,2";
				TEST_TARGET_NAME = TableCollectionViewSample;
			};
			name = Release;
		};
/* End XCBuildConfiguration section */

/* Begin XCConfigurationList section */
		378A64AB2A245BF6001EFB0C /* Build configuration list for PBXProject "TableCollectionViewSample" */ = {
			isa = XCConfigurationList;
			buildConfigurations = (
				378A64D82A245BFB001EFB0C /* Debug */,
				378A64D92A245BFB001EFB0C /* Release */,
			);
			defaultConfigurationIsVisible = 0;
			defaultConfigurationName = Release;
		};
		378A64DA2A245BFB001EFB0C /* Build configuration list for PBXNativeTarget "TableCollectionViewSample" */ = {
			isa = XCConfigurationList;
			buildConfigurations = (
				378A64DB2A245BFB001EFB0C /* Debug */,
				378A64DC2A245BFB001EFB0C /* Release */,
			);
			defaultConfigurationIsVisible = 0;
			defaultConfigurationName = Release;
		};
		378A64DD2A245BFB001EFB0C /* Build configuration list for PBXNativeTarget "TableCollectionViewSampleTests" */ = {
			isa = XCConfigurationList;
			buildConfigurations = (
				378A64DE2A245BFB001EFB0C /* Debug */,
				378A64DF2A245BFB001EFB0C /* Release */,
			);
			defaultConfigurationIsVisible = 0;
			defaultConfigurationName = Release;
		};
		378A64E02A245BFB001EFB0C /* Build configuration list for PBXNativeTarget "TableCollectionViewSampleUITests" */ = {
			isa = XCConfigurationList;
			buildConfigurations = (
				378A64E12A245BFB001EFB0C /* Debug */,
				378A64E22A245BFB001EFB0C /* Release */,
			);
			defaultConfigurationIsVisible = 0;
			defaultConfigurationName = Release;
		};
/* End XCConfigurationList section */
	};
	rootObject = 378A64A82A245BF6001EFB0C /* Project object */;
}
